
Microsoft Visual Studio Solution File, Format Version 12.00
# Visual Studio Version 17
VisualStudioVersion = 17.5.002.0
MinimumVisualStudioVersion = 10.0.40219.1
Project("{9A19103F-16F7-4668-BE54-9A1E7A4F7556}") = "backnet", "backnet.csproj", "{AC8233AE-00D1-4096-8302-BA2607C15B1A}"
EndProject
Global
	GlobalSection(SolutionConfigurationPlatforms) = preSolution
		Debug|Any CPU = Debug|Any CPU
		Release|Any CPU = Release|Any CPU
	EndGlobalSection
	GlobalSection(ProjectConfigurationPlatforms) = postSolution
		{AC8233AE-00D1-4096-8302-BA2607C15B1A}.Debug|Any CPU.ActiveCfg = Debug|Any CPU
		{AC8233AE-00D1-4096-8302-BA2607C15B1A}.Debug|Any CPU.Build.0 = Debug|Any CPU
		{AC8233AE-00D1-4096-8302-BA2607C15B1A}.Release|Any CPU.ActiveCfg = Release|Any CPU
		{AC8233AE-00D1-4096-8302-BA2607C15B1A}.Release|Any CPU.Build.0 = Release|Any CPU
	EndGlobalSection
	GlobalSection(SolutionProperties) = preSolution
		HideSolutionNode = FALSE
	EndGlobalSection
	GlobalSection(ExtensibilityGlobals) = postSolution
		SolutionGuid = {5CE3BAF7-74ED-47DB-A706-4B401F1F9F51}
	EndGlobalSection
EndGlobal
